
Microsoft Visual Studio Solution File, Format Version 12.00
# Visual Studio Version 17
VisualStudioVersion = 17.14.36221.1 d17.14
MinimumVisualStudioVersion = 10.0.40219.1
Project("{FAE04EC0-301F-11D3-BF4B-00C04F79EFBC}") = "TXTRPG", "TXTRPG\TXTRPG.csproj", "{DD73E388-BC60-4642-B692-C5D7C31BEBC0}"
EndProject
Global
	GlobalSection(SolutionConfigurationPlatforms) = preSolution
		Debug|Any CPU = Debug|Any CPU
		Release|Any CPU = Release|Any CPU
	EndGlobalSection
	GlobalSection(ProjectConfigurationPlatforms) = postSolution
		{DD73E388-BC60-4642-B692-C5D7C31BEBC0}.Debug|Any CPU.ActiveCfg = Debug|Any CPU
		{DD73E388-BC60-4642-B692-C5D7C31BEBC0}.Debug|Any CPU.Build.0 = Debug|Any CPU
		{DD73E388-BC60-4642-B692-C5D7C31BEBC0}.Release|Any CPU.ActiveCfg = Release|Any CPU
		{DD73E388-BC60-4642-B692-C5D7C31BEBC0}.Release|Any CPU.Build.0 = Release|Any CPU
	EndGlobalSection
	GlobalSection(SolutionProperties) = preSolution
		HideSolutionNode = FALSE
	EndGlobalSection
	GlobalSection(ExtensibilityGlobals) = postSolution
		SolutionGuid = {EE674B8E-060C-4ED2-85AB-D6A85C452B3B}
	EndGlobalSection
EndGlobal
